
Microsoft Visual Studio Solution File, Format Version 12.00
# Visual Studio Version 17
VisualStudioVersion = 17.13.35931.197 d17.13
MinimumVisualStudioVersion = 10.0.40219.1
Project("{8BC9CEB8-8B4A-11D0-8D11-00A0C91BC942}") = "MT3_0_5", "MT3_0_5.vcxproj", "{7666B70B-63BB-4CD6-BAF2-9E9752AE8604}"
EndProject
Global
	GlobalSection(SolutionConfigurationPlatforms) = preSolution
		Debug|x64 = Debug|x64
		Release|x64 = Release|x64
	EndGlobalSection
	GlobalSection(ProjectConfigurationPlatforms) = postSolution
		{7666B70B-63BB-4CD6-BAF2-9E9752AE8604}.Debug|x64.ActiveCfg = Debug|x64
		{7666B70B-63BB-4CD6-BAF2-9E9752AE8604}.Debug|x64.Build.0 = Debug|x64
		{7666B70B-63BB-4CD6-BAF2-9E9752AE8604}.Release|x64.ActiveCfg = Release|x64
		{7666B70B-63BB-4CD6-BAF2-9E9752AE8604}.Release|x64.Build.0 = Release|x64
	EndGlobalSection
	GlobalSection(SolutionProperties) = preSolution
		HideSolutionNode = FALSE
	EndGlobalSection
	GlobalSection(ExtensibilityGlobals) = postSolution
		SolutionGuid = {6BAFFCD4-8F8D-48E6-B4DC-20FB98E3DC51}
	EndGlobalSection
EndGlobal
